{
  "originHash" : "2737a691ef2cfa738ad20539556de037e0e92bd1924a5035b397f68c873a8fc1",
  "pins" : [
    {
      "identity" : "calendarview",
      "kind" : "remoteSourceControl",
      "location" : "https://github.com/Mijick/CalendarView",
      "state" : {
        "revision" : "b347587ba39a023b61881158872db9d01a90a9a6",
        "version" : "1.0.0"
      }
    }
  ],
  "version" : 3
}
